PODS:
  - AFNetworking (4.0.1):
    - AFNetworking/NSURLSession (= 4.0.1)
    - AFNetworking/Reachability (= 4.0.1)
    - AFNetworking/Security (= 4.0.1)
    - AFNetworking/Serialization (= 4.0.1)
    - AFNetworking/UIKit (= 4.0.1)
  - AFNetworking/NSURLSession (4.0.1):
    - AFNetworking/Reachability
    - AFNetworking/Security
    - AFNetworking/Serialization
  - AFNetworking/Reachability (4.0.1)
  - AFNetworking/Security (4.0.1)
  - AFNetworking/Serialization (4.0.1)
  - AFNetworking/UIKit (4.0.1):
    - AFNetworking/NSURLSession
  - FSOCNetworking (1.0.1):
    - FSOCNetworking/Client (= 1.0.1)
    - FSOCNetworking/Model (= 1.0.1)
    - FSOCNetworking/Request (= 1.0.1)
    - FSOCNetworking/Security (= 1.0.1)
    - FSOCNetworking/Utils (= 1.0.1)
    - FSOCNetworking/YTKNetwork (= 1.0.1)
  - FSOCNetworking/Client (1.0.1):
    - FSOCNetworking/Request
    - FSOCNetworking/Utils
    - FSOCUtils/JSONUtils
    - MJExtension
  - FSOCNetworking/Model (1.0.1)
  - FSOCNetworking/Request (1.0.1):
    - FSOCNetworking/Model
    - FSOCNetworking/YTKNetwork
  - FSOCNetworking/Security (1.0.1):
    - AFNetworking
  - FSOCNetworking/Utils (1.0.1)
  - FSOCNetworking/YTKNetwork (1.0.1):
    - AFNetworking (~> 4.0.1)
  - FSOCUtils/JSONUtils (1.0.1):
    - MJExtension
  - MJExtension (3.0.15.1)

DEPENDENCIES:
  - FSOCNetworking (from `../`)

SPEC REPOS:
  trunk:
    - AFNetworking
    - FSOCUtils
    - MJExtension

EXTERNAL SOURCES:
  FSOCNetworking:
    :path: "../"

SPEC CHECKSUMS:
  AFNetworking: 7864c38297c79aaca1500c33288e429c3451fdce
  FSOCNetworking: 51370273db09fdcd59caac21637e0d1a4181907a
  FSOCUtils: 0b05738a16468620bebe604a0e8d7752e1955751
  MJExtension: 19bc33ce2eee2d319760f5622562cf581a6ff756

PODFILE CHECKSUM: e0ef3db3217fdfde1a65096d8c7efc6eec70e766

COCOAPODS: 1.10.1
